
Microsoft Visual Studio Solution File, Format Version 12.00
# Visual Studio 2013
VisualStudioVersion = 12.0.31101.0
MinimumVisualStudioVersion = 10.0.40219.1
Project("{FAE04EC0-301F-11D3-BF4B-00C04F79EFBC}") = "NewTestNewTest.Objects", "../../src/NewTestNewTest/Objects/NewTestNewTest.Objects.csproj", "{12A4CB7F-2E30-48BB-908F-EFFE334567DC}"
EndProject
Project("{FAE04EC0-301F-11D3-BF4B-00C04F79EFBC}") = "NewTestNewTest.ODataBackend", "../../src/NewTestNewTest/ODataBackend/NewTestNewTest.ODataBackend.csproj", "{018B5BF0-A590-4B79-9608-EAAF15DCA988}"
EndProject
Global
	GlobalSection(SolutionConfigurationPlatforms) = preSolution
Debug|Any CPU = Debug|Any CPU
Release|Any CPU = Release|Any CPU
	EndGlobalSection
	GlobalSection(ProjectConfigurationPlatforms) = postSolution
		{12A4CB7F-2E30-48BB-908F-EFFE334567DC}.Debug|Any CPU.ActiveCfg = Debug|Any CPU
		{12A4CB7F-2E30-48BB-908F-EFFE334567DC}.Debug|Any CPU.Build.0 = Debug|Any CPU
		{12A4CB7F-2E30-48BB-908F-EFFE334567DC}.Release|Any CPU.ActiveCfg = Release|Any CPU
		{12A4CB7F-2E30-48BB-908F-EFFE334567DC}.Release|Any CPU.Build.0 = Release|Any CPU
		{018B5BF0-A590-4B79-9608-EAAF15DCA988}.Debug|Any CPU.ActiveCfg = Debug|Any CPU
		{018B5BF0-A590-4B79-9608-EAAF15DCA988}.Debug|Any CPU.Build.0 = Debug|Any CPU
		{018B5BF0-A590-4B79-9608-EAAF15DCA988}.Release|Any CPU.ActiveCfg = Release|Any CPU
		{018B5BF0-A590-4B79-9608-EAAF15DCA988}.Release|Any CPU.Build.0 = Release|Any CPU
	EndGlobalSection
	GlobalSection(SolutionProperties) = preSolution
		HideSolutionNode = FALSE
	EndGlobalSection
EndGlobal
